
Microsoft Visual Studio Solution File, Format Version 12.00
# Visual Studio Version 17
VisualStudioVersion = 17.6.33829.357
MinimumVisualStudioVersion = 10.0.40219.1
Project("{2150E333-8FDC-42A3-9474-1A3956D46DE8}") = "src", "src", "{DFAECC9E-BB4D-4844-9216-912D786BB900}"
EndProject
Project("{9A19103F-16F7-4668-BE54-9A1E7A4F7556}") = "ApiIntegrationLog.Api", "src\ApiIntegrationLog.Api.csproj", "{2AE24E7C-2DDE-4C3A-ABE5-59A9B62CBC2D}"
EndProject
Project("{2150E333-8FDC-42A3-9474-1A3956D46DE8}") = "tests", "tests", "{D983E846-D785-4209-A902-E1201C6B19AA}"
EndProject
Project("{9A19103F-16F7-4668-BE54-9A1E7A4F7556}") = "ApiIntegrationLog.Api.Tests", "tests\ApiIntegrationLog.Api.Tests.csproj", "{D7ECCAAB-8317-44FC-8048-F009A0AC8C86}"
EndProject
Global
	GlobalSection(SolutionConfigurationPlatforms) = preSolution
		Debug|Any CPU = Debug|Any CPU
		Release|Any CPU = Release|Any CPU
	EndGlobalSection
	GlobalSection(ProjectConfigurationPlatforms) = postSolution
		{2AE24E7C-2DDE-4C3A-ABE5-59A9B62CBC2D}.Debug|Any CPU.ActiveCfg = Debug|Any CPU
		{2AE24E7C-2DDE-4C3A-ABE5-59A9B62CBC2D}.Debug|Any CPU.Build.0 = Debug|Any CPU
		{2AE24E7C-2DDE-4C3A-ABE5-59A9B62CBC2D}.Release|Any CPU.ActiveCfg = Release|Any CPU
		{2AE24E7C-2DDE-4C3A-ABE5-59A9B62CBC2D}.Release|Any CPU.Build.0 = Release|Any CPU
		{D7ECCAAB-8317-44FC-8048-F009A0AC8C86}.Debug|Any CPU.ActiveCfg = Debug|Any CPU
		{D7ECCAAB-8317-44FC-8048-F009A0AC8C86}.Debug|Any CPU.Build.0 = Debug|Any CPU
		{D7ECCAAB-8317-44FC-8048-F009A0AC8C86}.Release|Any CPU.ActiveCfg = Release|Any CPU
		{D7ECCAAB-8317-44FC-8048-F009A0AC8C86}.Release|Any CPU.Build.0 = Release|Any CPU
	EndGlobalSection
	GlobalSection(SolutionProperties) = preSolution
		HideSolutionNode = FALSE
	EndGlobalSection
	GlobalSection(NestedProjects) = preSolution
		{2AE24E7C-2DDE-4C3A-ABE5-59A9B62CBC2D} = {DFAECC9E-BB4D-4844-9216-912D786BB900}
		{D7ECCAAB-8317-44FC-8048-F009A0AC8C86} = {D983E846-D785-4209-A902-E1201C6B19AA}
	EndGlobalSection
	GlobalSection(ExtensibilityGlobals) = postSolution
		SolutionGuid = {3282BEE6-F581-45BB-9131-8DF837E84279}
	EndGlobalSection
EndGlobal
